
Microsoft Visual Studio Solution File, Format Version 12.00
# Visual Studio Version 16
VisualStudioVersion = 16.0.29215.179
MinimumVisualStudioVersion = 10.0.40219.1
Project("{FAE04EC0-301F-11D3-BF4B-00C04F79EFBC}") = "G1", "G1\G1.csproj", "{678A11E6-5D37-4064-BF7E-4154C08801FD}"
EndProject
Global
	GlobalSection(SolutionConfigurationPlatforms) = preSolution
		Debug|Any CPU = Debug|Any CPU
		Release|Any CPU = Release|Any CPU
	EndGlobalSection
	GlobalSection(ProjectConfigurationPlatforms) = postSolution
		{678A11E6-5D37-4064-BF7E-4154C08801FD}.Debug|Any CPU.ActiveCfg = Debug|Any CPU
		{678A11E6-5D37-4064-BF7E-4154C08801FD}.Debug|Any CPU.Build.0 = Debug|Any CPU
		{678A11E6-5D37-4064-BF7E-4154C08801FD}.Release|Any CPU.ActiveCfg = Release|Any CPU
		{678A11E6-5D37-4064-BF7E-4154C08801FD}.Release|Any CPU.Build.0 = Release|Any CPU
	EndGlobalSection
	GlobalSection(SolutionProperties) = preSolution
		HideSolutionNode = FALSE
	EndGlobalSection
	GlobalSection(ExtensibilityGlobals) = postSolution
		SolutionGuid = {AB896C5D-AD57-42BC-9440-851339716658}
	EndGlobalSection
EndGlobal
